
Microsoft Visual Studio Solution File, Format Version 12.00
Project("{FAE04EC0-301F-11D3-BF4B-00C04F79EFBC}") = "Entities", "Entities\Entities.csproj", "{AD62ACD2-3659-487D-8173-033397620628}"
EndProject
Project("{2150E333-8FDC-42A3-9474-1A3956D46DE8}") = "1 - Presentation", "1 - Presentation", "{20043B16-A318-4770-9BD4-AED2BECAB0E8}"
EndProject
Project("{2150E333-8FDC-42A3-9474-1A3956D46DE8}") = "2 - Domain", "2 - Domain", "{37CDABC2-6D8E-4A30-87EF-98E68D569999}"
EndProject
Project("{2150E333-8FDC-42A3-9474-1A3956D46DE8}") = "3 - Infrastructure", "3 - Infrastructure", "{248B84AB-65E9-4A08-9843-4C50298ACAD1}"
EndProject
Project("{2150E333-8FDC-42A3-9474-1A3956D46DE8}") = "4 - Entities", "4 - Entities", "{2147E9A0-CF3E-4BA0-81EF-32EAE7267A9B}"
EndProject
Project("{2150E333-8FDC-42A3-9474-1A3956D46DE8}") = "5 - Helpers", "5 - Helpers", "{BA1640BE-1CE3-4C42-95F1-C7FA36B41E0C}"
EndProject
Project("{FAE04EC0-301F-11D3-BF4B-00C04F79EFBC}") = "Helpers", "Helpers\Helpers.csproj", "{4DA062BD-362E-49CB-9218-CE3824F924DB}"
EndProject
Project("{FAE04EC0-301F-11D3-BF4B-00C04F79EFBC}") = "Infrastructure", "Infrastructure\Infrastructure.csproj", "{5695BB45-FFCE-49C9-9965-C92FC6108360}"
EndProject
Project("{FAE04EC0-301F-11D3-BF4B-00C04F79EFBC}") = "Domain", "Domain\Domain.csproj", "{FB7EB95A-91E4-41E7-86C9-21FDA88F9511}"
EndProject
Project("{FAE04EC0-301F-11D3-BF4B-00C04F79EFBC}") = "WebApi", "WebApi\WebApi.csproj", "{4EDEB423-D948-4129-BE55-D7545DC2C63D}"
EndProject
Global
	GlobalSection(SolutionConfigurationPlatforms) = preSolution
		Debug|Any CPU = Debug|Any CPU
		Release|Any CPU = Release|Any CPU
	EndGlobalSection
	GlobalSection(ProjectConfigurationPlatforms) = postSolution
		{AD62ACD2-3659-487D-8173-033397620628}.Debug|Any CPU.ActiveCfg = Debug|Any CPU
		{AD62ACD2-3659-487D-8173-033397620628}.Debug|Any CPU.Build.0 = Debug|Any CPU
		{AD62ACD2-3659-487D-8173-033397620628}.Release|Any CPU.ActiveCfg = Release|Any CPU
		{AD62ACD2-3659-487D-8173-033397620628}.Release|Any CPU.Build.0 = Release|Any CPU
		{4DA062BD-362E-49CB-9218-CE3824F924DB}.Debug|Any CPU.ActiveCfg = Debug|Any CPU
		{4DA062BD-362E-49CB-9218-CE3824F924DB}.Debug|Any CPU.Build.0 = Debug|Any CPU
		{4DA062BD-362E-49CB-9218-CE3824F924DB}.Release|Any CPU.ActiveCfg = Release|Any CPU
		{4DA062BD-362E-49CB-9218-CE3824F924DB}.Release|Any CPU.Build.0 = Release|Any CPU
		{5695BB45-FFCE-49C9-9965-C92FC6108360}.Debug|Any CPU.ActiveCfg = Debug|Any CPU
		{5695BB45-FFCE-49C9-9965-C92FC6108360}.Debug|Any CPU.Build.0 = Debug|Any CPU
		{5695BB45-FFCE-49C9-9965-C92FC6108360}.Release|Any CPU.ActiveCfg = Release|Any CPU
		{5695BB45-FFCE-49C9-9965-C92FC6108360}.Release|Any CPU.Build.0 = Release|Any CPU
		{FB7EB95A-91E4-41E7-86C9-21FDA88F9511}.Debug|Any CPU.ActiveCfg = Debug|Any CPU
		{FB7EB95A-91E4-41E7-86C9-21FDA88F9511}.Debug|Any CPU.Build.0 = Debug|Any CPU
		{FB7EB95A-91E4-41E7-86C9-21FDA88F9511}.Release|Any CPU.ActiveCfg = Release|Any CPU
		{FB7EB95A-91E4-41E7-86C9-21FDA88F9511}.Release|Any CPU.Build.0 = Release|Any CPU
		{4EDEB423-D948-4129-BE55-D7545DC2C63D}.Debug|Any CPU.ActiveCfg = Debug|Any CPU
		{4EDEB423-D948-4129-BE55-D7545DC2C63D}.Debug|Any CPU.Build.0 = Debug|Any CPU
		{4EDEB423-D948-4129-BE55-D7545DC2C63D}.Release|Any CPU.ActiveCfg = Release|Any CPU
		{4EDEB423-D948-4129-BE55-D7545DC2C63D}.Release|Any CPU.Build.0 = Release|Any CPU
	EndGlobalSection
	GlobalSection(NestedProjects) = preSolution
		{AD62ACD2-3659-487D-8173-033397620628} = {2147E9A0-CF3E-4BA0-81EF-32EAE7267A9B}
		{4DA062BD-362E-49CB-9218-CE3824F924DB} = {BA1640BE-1CE3-4C42-95F1-C7FA36B41E0C}
		{5695BB45-FFCE-49C9-9965-C92FC6108360} = {248B84AB-65E9-4A08-9843-4C50298ACAD1}
		{FB7EB95A-91E4-41E7-86C9-21FDA88F9511} = {37CDABC2-6D8E-4A30-87EF-98E68D569999}
		{4EDEB423-D948-4129-BE55-D7545DC2C63D} = {20043B16-A318-4770-9BD4-AED2BECAB0E8}
	EndGlobalSection
EndGlobal
